
Microsoft Visual Studio Solution File, Format Version 12.00
# Visual Studio Version 16
VisualStudioVersion = 16.0.31205.134
MinimumVisualStudioVersion = 10.0.40219.1
Project("{FAE04EC0-301F-11D3-BF4B-00C04F79EFBC}") = "Parcial.frm", "Parcial.frm\Parcial.frm.csproj", "{A9F6A431-175F-417D-9D77-1DE1DC72B835}"
EndProject
Project("{FAE04EC0-301F-11D3-BF4B-00C04F79EFBC}") = "Parcial.Libreria", "Parcial.Libreria\Parcial.Libreria.csproj", "{BC096E34-C7E7-42C7-9D95-6487B77F435E}"
EndProject
Global
	GlobalSection(SolutionConfigurationPlatforms) = preSolution
		Debug|Any CPU = Debug|Any CPU
		Release|Any CPU = Release|Any CPU
	EndGlobalSection
	GlobalSection(ProjectConfigurationPlatforms) = postSolution
		{A9F6A431-175F-417D-9D77-1DE1DC72B835}.Debug|Any CPU.ActiveCfg = Debug|Any CPU
		{A9F6A431-175F-417D-9D77-1DE1DC72B835}.Debug|Any CPU.Build.0 = Debug|Any CPU
		{A9F6A431-175F-417D-9D77-1DE1DC72B835}.Release|Any CPU.ActiveCfg = Release|Any CPU
		{A9F6A431-175F-417D-9D77-1DE1DC72B835}.Release|Any CPU.Build.0 = Release|Any CPU
		{BC096E34-C7E7-42C7-9D95-6487B77F435E}.Debug|Any CPU.ActiveCfg = Debug|Any CPU
		{BC096E34-C7E7-42C7-9D95-6487B77F435E}.Debug|Any CPU.Build.0 = Debug|Any CPU
		{BC096E34-C7E7-42C7-9D95-6487B77F435E}.Release|Any CPU.ActiveCfg = Release|Any CPU
		{BC096E34-C7E7-42C7-9D95-6487B77F435E}.Release|Any CPU.Build.0 = Release|Any CPU
	EndGlobalSection
	GlobalSection(SolutionProperties) = preSolution
		HideSolutionNode = FALSE
	EndGlobalSection
	GlobalSection(ExtensibilityGlobals) = postSolution
		SolutionGuid = {BD07A440-3ED7-42C7-A1A0-28FA54706A6D}
	EndGlobalSection
EndGlobal
